
Microsoft Visual Studio Solution File, Format Version 11.00
# Visual Studio 2010
Project("{FAE04EC0-301F-11D3-BF4B-00C04F79EFBC}") = "Assembly-CSharp", "Assembly-CSharp.csproj", "{9e6bd802-3476-3917-df92-45862d52454c}"
EndProject
Project("{FAE04EC0-301F-11D3-BF4B-00C04F79EFBC}") = "Assembly-CSharp-Editor", "Assembly-CSharp-Editor.csproj", "{eae99a9c-dd31-6851-c5c0-4dc4b7a04bc3}"
EndProject
Global
	GlobalSection(SolutionConfigurationPlatforms) = preSolution
		Debug|Any CPU = Debug|Any CPU
	EndGlobalSection
	GlobalSection(ProjectConfigurationPlatforms) = postSolution
		{9e6bd802-3476-3917-df92-45862d52454c}.Debug|Any CPU.ActiveCfg = Debug|Any CPU
		{9e6bd802-3476-3917-df92-45862d52454c}.Debug|Any CPU.Build.0 = Debug|Any CPU
		{eae99a9c-dd31-6851-c5c0-4dc4b7a04bc3}.Debug|Any CPU.ActiveCfg = Debug|Any CPU
		{eae99a9c-dd31-6851-c5c0-4dc4b7a04bc3}.Debug|Any CPU.Build.0 = Debug|Any CPU
	EndGlobalSection
	GlobalSection(SolutionProperties) = preSolution
		HideSolutionNode = FALSE
	EndGlobalSection
EndGlobal
